
Microsoft Visual Studio Solution File, Format Version 12.00
# Visual Studio 2013
VisualStudioVersion = 12.0.30723.0
MinimumVisualStudioVersion = 10.0.40219.1
Project("{FAE04EC0-301F-11D3-BF4B-00C04F79EFBC}") = "counter", "counter\counter.csproj", "{245B4787-246A-4BD2-9444-534D8C8FBB66}"
EndProject
Project("{FAE04EC0-301F-11D3-BF4B-00C04F79EFBC}") = "temperature", "temperature\temperature.csproj", "{6AB1E38C-9351-49AC-AFB4-872019E248A4}"
EndProject
Global
	GlobalSection(SolutionConfigurationPlatforms) = preSolution
		Debug|Any CPU = Debug|Any CPU
		Release|Any CPU = Release|Any CPU
	EndGlobalSection
	GlobalSection(ProjectConfigurationPlatforms) = postSolution
		{245B4787-246A-4BD2-9444-534D8C8FBB66}.Debug|Any CPU.ActiveCfg = Debug|Any CPU
		{245B4787-246A-4BD2-9444-534D8C8FBB66}.Debug|Any CPU.Build.0 = Debug|Any CPU
		{245B4787-246A-4BD2-9444-534D8C8FBB66}.Release|Any CPU.ActiveCfg = Release|Any CPU
		{245B4787-246A-4BD2-9444-534D8C8FBB66}.Release|Any CPU.Build.0 = Release|Any CPU
		{6AB1E38C-9351-49AC-AFB4-872019E248A4}.Debug|Any CPU.ActiveCfg = Debug|Any CPU
		{6AB1E38C-9351-49AC-AFB4-872019E248A4}.Debug|Any CPU.Build.0 = Debug|Any CPU
		{6AB1E38C-9351-49AC-AFB4-872019E248A4}.Release|Any CPU.ActiveCfg = Release|Any CPU
		{6AB1E38C-9351-49AC-AFB4-872019E248A4}.Release|Any CPU.Build.0 = Release|Any CPU
	EndGlobalSection
	GlobalSection(SolutionProperties) = preSolution
		HideSolutionNode = FALSE
	EndGlobalSection
EndGlobal
